PODS:
  - file_picker_writable (0.0.1):
    - Flutter
  - Flutter (1.0.0)

DEPENDENCIES:
  - file_picker_writable (from `.symlinks/plugins/file_picker_writable/ios`)
  - Flutter (from `Flutter`)

EXTERNAL SOURCES:
  file_picker_writable:
    :path: ".symlinks/plugins/file_picker_writable/ios"
  Flutter:
    :path: Flutter

SPEC CHECKSUMS:
  file_picker_writable: 3a458aa8cdb7c1378cb3e8ec0543ead87a77d0be
  Flutter: cabc95a1d2626b1b06e7179b784ebcf0c0cde467

PODFILE CHECKSUM: 0dbd5a87e0ace00c9610d2037ac22083a01f861d

COCOAPODS: 1.16.2
