PODS:
  - file_picker_writable (0.0.1):
    - Flutter
  - Flutter (1.0.0)

DEPENDENCIES:
  - file_picker_writable (from `.symlinks/plugins/file_picker_writable/ios`)
  - Flutter (from `Flutter`)

EXTERNAL SOURCES:
  file_picker_writable:
    :path: ".symlinks/plugins/file_picker_writable/ios"
  Flutter:
    :path: Flutter

SPEC CHECKSUMS:
  file_picker_writable: c2e0e477a16dd9a444a84d881d3a1ce5598fd4cd
  Flutter: cabc95a1d2626b1b06e7179b784ebcf0c0cde467

PODFILE CHECKSUM: 775997f741c536251164e3eacf6e34abf2eb7a17

COCOAPODS: 1.16.2
